// !$*UTF8*$!
{
	archiveVersion = 1;
	classes = {
	};
	objectVersion = 46;
	objects = {

/* Begin PBXBuildFile section */
		C513C1D71EA5507500A59E7C /* NSArray+MapReduce.m in Sources */ = {isa = PBXBuildFile; fileRef = C513C1D41EA5507500A59E7C /* NSArray+MapReduce.m */; };
		C513C1D81EA5507500A59E7C /* NSArray+Helper.m in Sources */ = {isa = PBXBuildFile; fileRef = C513C1D61EA5507500A59E7C /* NSArray+Helper.m */; };
/* End PBXBuildFile section */

/* Begin PBXCopyFilesBuildPhase section */
		C513C1C51EA5505700A59E7C /* CopyFiles */ = {
			isa = PBXCopyFilesBuildPhase;
			buildActionMask = 2147483647;
			dstPath = "include/$(PRODUCT_NAME)";
			dstSubfolderSpec = 16;
			files = (
			);
			runOnlyForDeploymentPostprocessing = 0;
		};
/* End PBXCopyFilesBuildPhase section */

/* Begin PBXFileReference section */
		C513C1C71EA5505700A59E7C /* libkiwi-utility.a */ = {isa = PBXFileReference; explicitFileType = archive.ar; includeInIndex = 0; path = "libkiwi-utility.a"; sourceTree = BUILT_PRODUCTS_DIR; };
		C513C1D31EA5507500A59E7C /* NSArray+MapReduce.h */ = {isa = PBXFileReference; fileEncoding = 4; lastKnownFileType = sourcecode.c.h; path = "NSArray+MapReduce.h"; sourceTree = "<group>"; };
		C513C1D41EA5507500A59E7C /* NSArray+MapReduce.m */ = {isa = PBXFileReference; fileEncoding = 4; lastKnownFileType = sourcecode.c.objc; path = "NSArray+MapReduce.m"; sourceTree = "<group>"; };
		C513C1D51EA5507500A59E7C /* NSArray+Helper.h */ = {isa = PBXFileReference; fileEncoding = 4; lastKnownFileType = sourcecode.c.h; path = "NSArray+Helper.h"; sourceTree = "<group>"; };
		C513C1D61EA5507500A59E7C /* NSArray+Helper.m */ = {isa = PBXFileReference; fileEncoding = 4; lastKnownFileType = sourcecode.c.objc; path = "NSArray+Helper.m"; sourceTree = "<group>"; };
/* End PBXFileReference section */

/* Begin PBXFrameworksBuildPhase section */
		C513C1C41EA5505700A59E7C /* Frameworks */ = {
			isa = PBXFrameworksBuildPhase;
			buildActionMask = 2147483647;
			files = (
			);
			runOnlyForDeploymentPostprocessing = 0;
		};
/* End PBXFrameworksBuildPhase section */

/* Begin PBXGroup section */
		C513C1BE1EA5505700A59E7C = {
			isa = PBXGroup;
			children = (
				C513C1C91EA5505700A59E7C /* kiwi-utility */,
				C513C1C81EA5505700A59E7C /* Products */,
			);
			sourceTree = "<group>";
		};
		C513C1C81EA5505700A59E7C /* Products */ = {
			isa = PBXGroup;
			children = (
				C513C1C71EA5505700A59E7C /* libkiwi-utility.a */,
			);
			name = Products;
			sourceTree = "<group>";
		};
		C513C1C91EA5505700A59E7C /* kiwi-utility */ = {
			isa = PBXGroup;
			children = (
				C513C1D31EA5507500A59E7C /* NSArray+MapReduce.h */,
				C513C1D41EA5507500A59E7C /* NSArray+MapReduce.m */,
				C513C1D51EA5507500A59E7C /* NSArray+Helper.h */,
				C513C1D61EA5507500A59E7C /* NSArray+Helper.m */,
			);
			path = "kiwi-utility";
			sourceTree = "<group>";
		};
/* End PBXGroup section */

/* Begin PBXNativeTarget section */
		C513C1C61EA5505700A59E7C /* kiwi-utility */ = {
			isa = PBXNativeTarget;
			buildConfigurationList = C513C1D01EA5505700A59E7C /* Build configuration list for PBXNativeTarget "kiwi-utility" */;
			buildPhases = (
				C513C1C31EA5505700A59E7C /* Sources */,
				C513C1C41EA5505700A59E7C /* Frameworks */,
				C513C1C51EA5505700A59E7C /* CopyFiles */,
			);
			buildRules = (
			);
			dependencies = (
			);
			name = "kiwi-utility";
			productName = "kiwi-utility";
			productReference = C513C1C71EA5505700A59E7C /* libkiwi-utility.a */;
			productType = "com.apple.product-type.library.static";
		};
/* End PBXNativeTarget section */

/* Begin PBXProject section */
		C513C1BF1EA5505700A59E7C /* Project object */ = {
			isa = PBXProject;
			attributes = {
				LastUpgradeCheck = 0830;
				ORGANIZATIONNAME = "Milestone Made";
				TargetAttributes = {
					C513C1C61EA5505700A59E7C = {
						CreatedOnToolsVersion = 8.3;
						DevelopmentTeam = MU27A4SCKC;
						ProvisioningStyle = Automatic;
					};
				};
			};
			buildConfigurationList = C513C1C21EA5505700A59E7C /* Build configuration list for PBXProject "kiwi-utility" */;
			compatibilityVersion = "Xcode 3.2";
			developmentRegion = English;
			hasScannedForEncodings = 0;
			knownRegions = (
				en,
			);
			mainGroup = C513C1BE1EA5505700A59E7C;
			productRefGroup = C513C1C81EA5505700A59E7C /* Products */;
			projectDirPath = "";
			projectRoot = "";
			targets = (
				C513C1C61EA5505700A59E7C /* kiwi-utility */,
			);
		};
/* End PBXProject section */

/* Begin PBXSourcesBuildPhase section */
		C513C1C31EA5505700A59E7C /* Sources */ = {
			isa = PBXSourcesBuildPhase;
			buildActionMask = 2147483647;
			files = (
				C513C1D81EA5507500A59E7C /* NSArray+Helper.m in Sources */,
				C513C1D71EA5507500A59E7C /* NSArray+MapReduce.m in Sources */,
			);
			runOnlyForDeploymentPostprocessing = 0;
		};
/* End PBXSourcesBuildPhase section */

/* Begin XCBuildConfiguration section */
		C513C1CE1EA5505700A59E7C /* Debug */ = {
			isa = XCBuildConfiguration;
			buildSettings = {
				ALWAYS_SEARCH_USER_PATHS = NO;
				CLANG_ANALYZER_NONNULL = YES;
				CLANG_ANALYZER_NUMBER_OBJECT_CONVERSION = YES_AGGRESSIVE;
				CLANG_CXX_LANGUAGE_STANDARD = "gnu++0x";
				CLANG_CXX_LIBRARY = "libc++";
				CLANG_ENABLE_MODULES = YES;
				CLANG_ENABLE_OBJC_ARC = YES;
				CLANG_WARN_BOOL_CONVERSION = YES;
				CLANG_WARN_CONSTANT_CONVERSION = YES;
				CLANG_WARN_DIRECT_OBJC_ISA_USAGE = YES_ERROR;
				CLANG_WARN_DOCUMENTATION_COMMENTS = YES;
				CLANG_WARN_EMPTY_BODY = YES;
				CLANG_WARN_ENUM_CONVERSION = YES;
				CLANG_WARN_INFINITE_RECURSION = YES;
				CLANG_WARN_INT_CONVERSION = YES;
				CLANG_WARN_OBJC_ROOT_CLASS = YES_ERROR;
				CLANG_WARN_SUSPICIOUS_MOVE = YES;
				CLANG_WARN_UNREACHABLE_CODE = YES;
				CLANG_WARN__DUPLICATE_METHOD_MATCH = YES;
				"CODE_SIGN_IDENTITY[sdk=iphoneos*]" = "iPhone Developer";
				COPY_PHASE_STRIP = NO;
				DEBUG_INFORMATION_FORMAT = dwarf;
				ENABLE_STRICT_OBJC_MSGSEND = YES;
				ENABLE_TESTABILITY = YES;
				GCC_C_LANGUAGE_STANDARD = gnu99;
				GCC_DYNAMIC_NO_PIC = NO;
				GCC_NO_COMMON_BLOCKS = YES;
				GCC_OPTIMIZATION_LEVEL = 0;
				GCC_PREPROCESSOR_DEFINITIONS = (
					"DEBUG=1",
					"$(inherited)",
				);
				GCC_WARN_64_TO_32_BIT_CONVERSION = YES;
				GCC_WARN_ABOUT_RETURN_TYPE = YES_ERROR;
				GCC_WARN_UNDECLARED_SELECTOR = YES;
				GCC_WARN_UNINITIALIZED_AUTOS = YES_AGGRESSIVE;
				GCC_WARN_UNUSED_FUNCTION = YES;
				GCC_WARN_UNUSED_VARIABLE = YES;
				IPHONEOS_DEPLOYMENT_TARGET = 10.3;
				MTL_ENABLE_DEBUG_INFO = YES;
				ONLY_ACTIVE_ARCH = YES;
				SDKROOT = iphoneos;
			};
			name = Debug;
		};
		C513C1CF1EA5505700A59E7C /* Release */ = {
			isa = XCBuildConfiguration;
			buildSettings = {
				ALWAYS_SEARCH_USER_PATHS = NO;
				CLANG_ANALYZER_NONNULL = YES;
				CLANG_ANALYZER_NUMBER_OBJECT_CONVERSION = YES_AGGRESSIVE;
				CLANG_CXX_LANGUAGE_STANDARD = "gnu++0x";
				CLANG_CXX_LIBRARY = "libc++";
				CLANG_ENABLE_MODULES = YES;
				CLANG_ENABLE_OBJC_ARC = YES;
				CLANG_WARN_BOOL_CONVERSION = YES;
				CLANG_WARN_CONSTANT_CONVERSION = YES;
				CLANG_WARN_DIRECT_OBJC_ISA_USAGE = YES_ERROR;
				CLANG_WARN_DOCUMENTATION_COMMENTS = YES;
				CLANG_WARN_EMPTY_BODY = YES;
				CLANG_WARN_ENUM_CONVERSION = YES;
				CLANG_WARN_INFINITE_RECURSION = YES;
				CLANG_WARN_INT_CONVERSION = YES;
				CLANG_WARN_OBJC_ROOT_CLASS = YES_ERROR;
				CLANG_WARN_SUSPICIOUS_MOVE = YES;
				CLANG_WARN_UNREACHABLE_CODE = YES;
				CLANG_WARN__DUPLICATE_METHOD_MATCH = YES;
				"CODE_SIGN_IDENTITY[sdk=iphoneos*]" = "iPhone Developer";
				COPY_PHASE_STRIP = NO;
				DEBUG_INFORMATION_FORMAT = "dwarf-with-dsym";
				ENABLE_NS_ASSERTIONS = NO;
				ENABLE_STRICT_OBJC_MSGSEND = YES;
				GCC_C_LANGUAGE_STANDARD = gnu99;
				GCC_NO_COMMON_BLOCKS = YES;
				GCC_WARN_64_TO_32_BIT_CONVERSION = YES;
				GCC_WARN_ABOUT_RETURN_TYPE = YES_ERROR;
				GCC_WARN_UNDECLARED_SELECTOR = YES;
				GCC_WARN_UNINITIALIZED_AUTOS = YES_AGGRESSIVE;
				GCC_WARN_UNUSED_FUNCTION = YES;
				GCC_WARN_UNUSED_VARIABLE = YES;
				IPHONEOS_DEPLOYMENT_TARGET = 10.3;
				MTL_ENABLE_DEBUG_INFO = NO;
				SDKROOT = iphoneos;
				VALIDATE_PRODUCT = YES;
			};
			name = Release;
		};
		C513C1D11EA5505700A59E7C /* Debug */ = {
			isa = XCBuildConfiguration;
			buildSettings = {
				DEVELOPMENT_TEAM = MU27A4SCKC;
				OTHER_LDFLAGS = "-ObjC";
				PRODUCT_NAME = "$(TARGET_NAME)";
				SKIP_INSTALL = YES;
			};
			name = Debug;
		};
		C513C1D21EA5505700A59E7C /* Release */ = {
			isa = XCBuildConfiguration;
			buildSettings = {
				DEVELOPMENT_TEAM = MU27A4SCKC;
				OTHER_LDFLAGS = "-ObjC";
				PRODUCT_NAME = "$(TARGET_NAME)";
				SKIP_INSTALL = YES;
			};
			name = Release;
		};
/* End XCBuildConfiguration section */

/* Begin XCConfigurationList section */
		C513C1C21EA5505700A59E7C /* Build configuration list for PBXProject "kiwi-utility" */ = {
			isa = XCConfigurationList;
			buildConfigurations = (
				C513C1CE1EA5505700A59E7C /* Debug */,
				C513C1CF1EA5505700A59E7C /* Release */,
			);
			defaultConfigurationIsVisible = 0;
			defaultConfigurationName = Release;
		};
		C513C1D01EA5505700A59E7C /* Build configuration list for PBXNativeTarget "kiwi-utility" */ = {
			isa = XCConfigurationList;
			buildConfigurations = (
				C513C1D11EA5505700A59E7C /* Debug */,
				C513C1D21EA5505700A59E7C /* Release */,
			);
			defaultConfigurationIsVisible = 0;
		};
/* End XCConfigurationList section */
	};
	rootObject = C513C1BF1EA5505700A59E7C /* Project object */;
}
